{
  "name": "node",
  "lockfileVersion": 2,
  "requires": true,
  "packages": {
    "": {
      "name": "node",
      "dependencies": {
        "@zitadel/node": "file:.."
      }
    },
    "..": {
      "name": "@zitadel/node",
      "version": "0.0.0-development",
      "license": "Apache-2.0",
      "dependencies": {
        "axios": "1.7.7",
        "jose": "5.9.6",
        "long": "5.2.3",
        "nice-grpc": "2.1.10",
        "node-rsa": "1.1.1",
        "openid-client": "5.7.0",
        "protobufjs": "7.4.0"
      },
      "devDependencies": {
        "@bufbuild/buf": "^1.18.0-1",
        "@tsconfig/node-lts": "^22.0.0",
        "@types/node-rsa": "1.1.4",
        "ava": "6.2.0",
        "grpc-tools": "1.12.4",
        "make-dir-cli": "4.0.0",
        "rimraf": "6.0.1",
        "ts-proto": "2.2.5",
        "tsc-silent": "1.2.2",
        "tshy": "^3.0.0",
        "typescript": "5.6.3"
      }
    },
    "node_modules/@zitadel/node": {
      "resolved": "..",
      "link": true
    }
  },
  "dependencies": {
    "@zitadel/node": {
      "version": "file:..",
      "requires": {
        "@bufbuild/buf": "^1.18.0-1",
        "@tsconfig/node-lts": "^22.0.0",
        "@types/node-rsa": "1.1.4",
        "ava": "6.2.0",
        "axios": "1.7.7",
        "grpc-tools": "1.12.4",
        "jose": "5.9.6",
        "long": "5.2.3",
        "make-dir-cli": "4.0.0",
        "nice-grpc": "2.1.10",
        "node-rsa": "1.1.1",
        "openid-client": "5.7.0",
        "protobufjs": "7.4.0",
        "rimraf": "6.0.1",
        "ts-proto": "2.2.5",
        "tsc-silent": "1.2.2",
        "tshy": "^3.0.0",
        "typescript": "5.6.3"
      }
    }
  }
}
