{
  "name": "node",
  "lockfileVersion": 2,
  "requires": true,
  "packages": {
    "": {
      "name": "node",
      "dependencies": {
        "@zitadel/node": "file:.."
      }
    },
    "..": {
      "name": "@zitadel/node",
      "version": "0.0.0-development",
      "license": "Apache-2.0",
      "dependencies": {
        "axios": "1.6.7",
        "jose": "5.2.0",
        "long": "5.2.3",
        "nice-grpc": "2.1.7",
        "node-rsa": "1.1.1",
        "openid-client": "5.6.4",
        "protobufjs": "7.2.6"
      },
      "devDependencies": {
        "@ava/typescript": "^4.1.0",
        "@bufbuild/buf": "^1.18.0-1",
        "@tsconfig/node-lts": "^20.1.1",
        "@types/node-rsa": "1.1.4",
        "ava": "6.1.1",
        "grpc-tools": "1.12.4",
        "make-dir-cli": "3.1.0",
        "rimraf": "5.0.5",
        "ts-proto": "1.151.1",
        "tsc-silent": "1.2.2",
        "tshy": "^1.11.0",
        "typescript": "5.3.3"
      }
    },
    "node_modules/@zitadel/node": {
      "resolved": "..",
      "link": true
    }
  },
  "dependencies": {
    "@zitadel/node": {
      "version": "file:..",
      "requires": {
        "@ava/typescript": "^4.1.0",
        "@bufbuild/buf": "^1.18.0-1",
        "@tsconfig/node-lts": "^20.1.1",
        "@types/node-rsa": "1.1.4",
        "ava": "6.1.1",
        "axios": "1.6.7",
        "grpc-tools": "1.12.4",
        "jose": "5.2.0",
        "long": "5.2.3",
        "make-dir-cli": "3.1.0",
        "nice-grpc": "2.1.7",
        "node-rsa": "1.1.1",
        "openid-client": "5.6.4",
        "protobufjs": "7.2.6",
        "rimraf": "5.0.5",
        "ts-proto": "1.151.1",
        "tsc-silent": "1.2.2",
        "tshy": "^1.11.0",
        "typescript": "5.3.3"
      }
    }
  }
}
